# THIS IS AN AUTOGENERATED FILE. DO NOT EDIT THIS FILE DIRECTLY.
# yarn lockfile v1


obj-file-parser@^0.6.2:
  version "0.6.2"
  resolved "https://registry.yarnpkg.com/obj-file-parser/-/obj-file-parser-0.6.2.tgz#a04607540e4b0c92234bfe9b8da364efb7ea201f"
  integrity sha512-eATpidA23O619wNjAcrve3WkNQ0vSTLiPSR8DLjPXrguD1DsN0/S49EMAI1T3wzhUD0aLGIiAZXLnWjORGOlng==
